<?xml version="1.0" encoding="utf-8"?>
<Project ToolsVersion="4.0" xmlns="http://schemas.microsoft.com/developer/msbuild/2003">
  <ItemGroup>
    <Filter Include="ソースファイル">
      <UniqueIdentifier>{9cda5083-025a-45ab-b1de-f42b2a86394c}</UniqueIdentifier>
    </Filter>
    <Filter Include="ヘッダファイル">
      <UniqueIdentifier>{ae046036-0690-44f0-8884-fa5e0081433b}</UniqueIdentifier>
    </Filter>
    <Filter Include="リソース">
      <UniqueIdentifier>{7181d522-c028-4f9a-82cf-79ddda619ad4}</UniqueIdentifier>
    </Filter>
  </ItemGroup>
  <ItemGroup>
    <ResourceCompile Include="..\..\JunkBox_Win_Lib\WinLib.rc">
      <Filter>リソース</Filter>
    </ResourceCompile>
  </ItemGroup>
  <ItemGroup>
    <ClCompile Include="General.cpp">
      <Filter>ソースファイル</Filter>
    </ClCompile>
  </ItemGroup>
  <ItemGroup>
    <ClInclude Include="General.h">
      <Filter>ヘッダファイル</Filter>
    </ClInclude>
  </ItemGroup>
  <ItemGroup>
    <None Include="General.def">
      <Filter>リソース</Filter>
    </None>
  </ItemGroup>
</Project>