
Microsoft Visual Studio Solution File, Format Version 12.00
# Visual Studio Version 16
VisualStudioVersion = 16.0.29326.143
MinimumVisualStudioVersion = 10.0.40219.1
Project("{8BC9CEB8-8B4A-11D0-8D11-00A0C91BC942}") = "General", "General_2019.vcxproj", "{2AAA8D0C-9A18-4267-8AE9-F1A9A6E111CD}"
EndProject
Global
	GlobalSection(SolutionConfigurationPlatforms) = preSolution
		Debug|x86 = Debug|x86
		Release|x86 = Release|x86
	EndGlobalSection
	GlobalSection(ProjectConfigurationPlatforms) = postSolution
		{2AAA8D0C-9A18-4267-8AE9-F1A9A6E111CD}.Debug|x86.ActiveCfg = Debug|Win32
		{2AAA8D0C-9A18-4267-8AE9-F1A9A6E111CD}.Debug|x86.Build.0 = Debug|Win32
		{2AAA8D0C-9A18-4267-8AE9-F1A9A6E111CD}.Release|x86.ActiveCfg = Release|Win32
		{2AAA8D0C-9A18-4267-8AE9-F1A9A6E111CD}.Release|x86.Build.0 = Release|Win32
	EndGlobalSection
	GlobalSection(SolutionProperties) = preSolution
		HideSolutionNode = FALSE
	EndGlobalSection
	GlobalSection(ExtensibilityGlobals) = postSolution
		SolutionGuid = {BE3CFBC2-433D-4EB0-A790-AABE8CCFE4E9}
	EndGlobalSection
EndGlobal
